// !$*UTF8*$!
{
	archiveVersion = 1;
	classes = {
	};
	objectVersion = 50;
	objects = {

/* Begin PBXBuildFile section */
		C532AF4824FE40BB006AD5C0 /* MergeSort.swift in Sources */ = {isa = PBXBuildFile; fileRef = C532AF4724FE40BB006AD5C0 /* MergeSort.swift */; };
		C573BC1724F64BE400B9E181 /* QuickSort.swift in Sources */ = {isa = PBXBuildFile; fileRef = C573BC1624F64BE400B9E181 /* QuickSort.swift */; };
		C5B5AB4724F3644500DC0DA5 /* BubbleSort.swift in Sources */ = {isa = PBXBuildFile; fileRef = C5B5AB4624F3644500DC0DA5 /* BubbleSort.swift */; };
		C5B5AB4924F3953700DC0DA5 /* InsertionSort.swift in Sources */ = {isa = PBXBuildFile; fileRef = C5B5AB4824F3953700DC0DA5 /* InsertionSort.swift */; };
		C5B5AB4B24F39DBC00DC0DA5 /* ShellSort.swift in Sources */ = {isa = PBXBuildFile; fileRef = C5B5AB4A24F39DBC00DC0DA5 /* ShellSort.swift */; };
		C5FCA97B24EE56CA00DEDC84 /* AppDelegate.swift in Sources */ = {isa = PBXBuildFile; fileRef = C5FCA97A24EE56CA00DEDC84 /* AppDelegate.swift */; };
		C5FCA97F24EE56CA00DEDC84 /* ViewController.swift in Sources */ = {isa = PBXBuildFile; fileRef = C5FCA97E24EE56CA00DEDC84 /* ViewController.swift */; };
		C5FCA98424EE56CB00DEDC84 /* Assets.xcassets in Resources */ = {isa = PBXBuildFile; fileRef = C5FCA98324EE56CB00DEDC84 /* Assets.xcassets */; };
		C5FCA99024EE571200DEDC84 /* Heapsort.swift in Sources */ = {isa = PBXBuildFile; fileRef = C5FCA98F24EE571200DEDC84 /* Heapsort.swift */; };
		C5FCA99224EE6B9900DEDC84 /* SelectSort.swift in Sources */ = {isa = PBXBuildFile; fileRef = C5FCA99124EE6B9900DEDC84 /* SelectSort.swift */; };
/* End PBXBuildFile section */

/* Begin PBXFileReference section */
		C532AF4724FE40BB006AD5C0 /* MergeSort.swift */ = {isa = PBXFileReference; lastKnownFileType = sourcecode.swift; path = MergeSort.swift; sourceTree = "<group>"; };
		C573BC1624F64BE400B9E181 /* QuickSort.swift */ = {isa = PBXFileReference; lastKnownFileType = sourcecode.swift; path = QuickSort.swift; sourceTree = "<group>"; };
		C5B5AB4624F3644500DC0DA5 /* BubbleSort.swift */ = {isa = PBXFileReference; lastKnownFileType = sourcecode.swift; path = BubbleSort.swift; sourceTree = "<group>"; };
		C5B5AB4824F3953700DC0DA5 /* InsertionSort.swift */ = {isa = PBXFileReference; lastKnownFileType = sourcecode.swift; path = InsertionSort.swift; sourceTree = "<group>"; };
		C5B5AB4A24F39DBC00DC0DA5 /* ShellSort.swift */ = {isa = PBXFileReference; lastKnownFileType = sourcecode.swift; path = ShellSort.swift; sourceTree = "<group>"; };
		C5FCA97724EE56CA00DEDC84 /* Sorts.app */ = {isa = PBXFileReference; explicitFileType = wrapper.application; includeInIndex = 0; path = Sorts.app; sourceTree = BUILT_PRODUCTS_DIR; };
		C5FCA97A24EE56CA00DEDC84 /* AppDelegate.swift */ = {isa = PBXFileReference; lastKnownFileType = sourcecode.swift; path = AppDelegate.swift; sourceTree = "<group>"; };
		C5FCA97E24EE56CA00DEDC84 /* ViewController.swift */ = {isa = PBXFileReference; lastKnownFileType = sourcecode.swift; path = ViewController.swift; sourceTree = "<group>"; };
		C5FCA98324EE56CB00DEDC84 /* Assets.xcassets */ = {isa = PBXFileReference; lastKnownFileType = folder.assetcatalog; path = Assets.xcassets; sourceTree = "<group>"; };
		C5FCA98824EE56CB00DEDC84 /* Info.plist */ = {isa = PBXFileReference; lastKnownFileType = text.plist.xml; path = Info.plist; sourceTree = "<group>"; };
		C5FCA98F24EE571200DEDC84 /* Heapsort.swift */ = {isa = PBXFileReference; fileEncoding = 4; lastKnownFileType = sourcecode.swift; path = Heapsort.swift; sourceTree = "<group>"; };
		C5FCA99124EE6B9900DEDC84 /* SelectSort.swift */ = {isa = PBXFileReference; lastKnownFileType = sourcecode.swift; path = SelectSort.swift; sourceTree = "<group>"; };
/* End PBXFileReference section */

/* Begin PBXFrameworksBuildPhase section */
		C5FCA97424EE56CA00DEDC84 /* Frameworks */ = {
			isa = PBXFrameworksBuildPhase;
			buildActionMask = 2147483647;
			files = (
			);
			runOnlyForDeploymentPostprocessing = 0;
		};
/* End PBXFrameworksBuildPhase section */

/* Begin PBXGroup section */
		C5FCA96E24EE56CA00DEDC84 = {
			isa = PBXGroup;
			children = (
				C5FCA97924EE56CA00DEDC84 /* Sorts */,
				C5FCA97824EE56CA00DEDC84 /* Products */,
			);
			sourceTree = "<group>";
		};
		C5FCA97824EE56CA00DEDC84 /* Products */ = {
			isa = PBXGroup;
			children = (
				C5FCA97724EE56CA00DEDC84 /* Sorts.app */,
			);
			name = Products;
			sourceTree = "<group>";
		};
		C5FCA97924EE56CA00DEDC84 /* Sorts */ = {
			isa = PBXGroup;
			children = (
				C5FCA98E24EE56FC00DEDC84 /* Source */,
				C5FCA97A24EE56CA00DEDC84 /* AppDelegate.swift */,
				C5FCA97E24EE56CA00DEDC84 /* ViewController.swift */,
				C5FCA98324EE56CB00DEDC84 /* Assets.xcassets */,
				C5FCA98824EE56CB00DEDC84 /* Info.plist */,
			);
			path = Sorts;
			sourceTree = "<group>";
		};
		C5FCA98E24EE56FC00DEDC84 /* Source */ = {
			isa = PBXGroup;
			children = (
				C5FCA99124EE6B9900DEDC84 /* SelectSort.swift */,
				C5B5AB4624F3644500DC0DA5 /* BubbleSort.swift */,
				C5B5AB4824F3953700DC0DA5 /* InsertionSort.swift */,
				C5FCA98F24EE571200DEDC84 /* Heapsort.swift */,
				C5B5AB4A24F39DBC00DC0DA5 /* ShellSort.swift */,
				C573BC1624F64BE400B9E181 /* QuickSort.swift */,
				C532AF4724FE40BB006AD5C0 /* MergeSort.swift */,
			);
			path = Source;
			sourceTree = "<group>";
		};
/* End PBXGroup section */

/* Begin PBXNativeTarget section */
		C5FCA97624EE56CA00DEDC84 /* Sorts */ = {
			isa = PBXNativeTarget;
			buildConfigurationList = C5FCA98B24EE56CB00DEDC84 /* Build configuration list for PBXNativeTarget "Sorts" */;
			buildPhases = (
				C5FCA97324EE56CA00DEDC84 /* Sources */,
				C5FCA97424EE56CA00DEDC84 /* Frameworks */,
				C5FCA97524EE56CA00DEDC84 /* Resources */,
			);
			buildRules = (
			);
			dependencies = (
			);
			name = Sorts;
			productName = Sorts;
			productReference = C5FCA97724EE56CA00DEDC84 /* Sorts.app */;
			productType = "com.apple.product-type.application";
		};
/* End PBXNativeTarget section */

/* Begin PBXProject section */
		C5FCA96F24EE56CA00DEDC84 /* Project object */ = {
			isa = PBXProject;
			attributes = {
				LastSwiftUpdateCheck = 1160;
				LastUpgradeCheck = 1160;
				ORGANIZATIONNAME = jacklee;
				TargetAttributes = {
					C5FCA97624EE56CA00DEDC84 = {
						CreatedOnToolsVersion = 11.6;
					};
				};
			};
			buildConfigurationList = C5FCA97224EE56CA00DEDC84 /* Build configuration list for PBXProject "Sorts" */;
			compatibilityVersion = "Xcode 9.3";
			developmentRegion = en;
			hasScannedForEncodings = 0;
			knownRegions = (
				en,
				Base,
			);
			mainGroup = C5FCA96E24EE56CA00DEDC84;
			productRefGroup = C5FCA97824EE56CA00DEDC84 /* Products */;
			projectDirPath = "";
			projectRoot = "";
			targets = (
				C5FCA97624EE56CA00DEDC84 /* Sorts */,
			);
		};
/* End PBXProject section */

/* Begin PBXResourcesBuildPhase section */
		C5FCA97524EE56CA00DEDC84 /* Resources */ = {
			isa = PBXResourcesBuildPhase;
			buildActionMask = 2147483647;
			files = (
				C5FCA98424EE56CB00DEDC84 /* Assets.xcassets in Resources */,
			);
			runOnlyForDeploymentPostprocessing = 0;
		};
/* End PBXResourcesBuildPhase section */

/* Begin PBXSourcesBuildPhase section */
		C5FCA97324EE56CA00DEDC84 /* Sources */ = {
			isa = PBXSourcesBuildPhase;
			buildActionMask = 2147483647;
			files = (
				C5FCA97F24EE56CA00DEDC84 /* ViewController.swift in Sources */,
				C5FCA97B24EE56CA00DEDC84 /* AppDelegate.swift in Sources */,
				C5B5AB4724F3644500DC0DA5 /* BubbleSort.swift in Sources */,
				C5B5AB4924F3953700DC0DA5 /* InsertionSort.swift in Sources */,
				C5B5AB4B24F39DBC00DC0DA5 /* ShellSort.swift in Sources */,
				C5FCA99224EE6B9900DEDC84 /* SelectSort.swift in Sources */,
				C532AF4824FE40BB006AD5C0 /* MergeSort.swift in Sources */,
				C5FCA99024EE571200DEDC84 /* Heapsort.swift in Sources */,
				C573BC1724F64BE400B9E181 /* QuickSort.swift in Sources */,
			);
			runOnlyForDeploymentPostprocessing = 0;
		};
/* End PBXSourcesBuildPhase section */

/* Begin XCBuildConfiguration section */
		C5FCA98924EE56CB00DEDC84 /* Debug */ = {
			isa = XCBuildConfiguration;
			buildSettings = {
				ALWAYS_SEARCH_USER_PATHS = NO;
				CLANG_ANALYZER_NONNULL = YES;
				CLANG_ANALYZER_NUMBER_OBJECT_CONVERSION = YES_AGGRESSIVE;
				CLANG_CXX_LANGUAGE_STANDARD = "gnu++14";
				CLANG_CXX_LIBRARY = "libc++";
				CLANG_ENABLE_MODULES = YES;
				CLANG_ENABLE_OBJC_ARC = YES;
				CLANG_ENABLE_OBJC_WEAK = YES;
				CLANG_WARN_BLOCK_CAPTURE_AUTORELEASING = YES;
				CLANG_WARN_BOOL_CONVERSION = YES;
				CLANG_WARN_COMMA = YES;
				CLANG_WARN_CONSTANT_CONVERSION = YES;
				CLANG_WARN_DEPRECATED_OBJC_IMPLEMENTATIONS = YES;
				CLANG_WARN_DIRECT_OBJC_ISA_USAGE = YES_ERROR;
				CLANG_WARN_DOCUMENTATION_COMMENTS = YES;
				CLANG_WARN_EMPTY_BODY = YES;
				CLANG_WARN_ENUM_CONVERSION = YES;
				CLANG_WARN_INFINITE_RECURSION = YES;
				CLANG_WARN_INT_CONVERSION = YES;
				CLANG_WARN_NON_LITERAL_NULL_CONVERSION = YES;
				CLANG_WARN_OBJC_IMPLICIT_RETAIN_SELF = YES;
				CLANG_WARN_OBJC_LITERAL_CONVERSION = YES;
				CLANG_WARN_OBJC_ROOT_CLASS = YES_ERROR;
				CLANG_WARN_RANGE_LOOP_ANALYSIS = YES;
				CLANG_WARN_STRICT_PROTOTYPES = YES;
				CLANG_WARN_SUSPICIOUS_MOVE = YES;
				CLANG_WARN_UNGUARDED_AVAILABILITY = YES_AGGRESSIVE;
				CLANG_WARN_UNREACHABLE_CODE = YES;
				CLANG_WARN__DUPLICATE_METHOD_MATCH = YES;
				COPY_PHASE_STRIP = NO;
				DEBUG_INFORMATION_FORMAT = dwarf;
				ENABLE_STRICT_OBJC_MSGSEND = YES;
				ENABLE_TESTABILITY = YES;
				GCC_C_LANGUAGE_STANDARD = gnu11;
				GCC_DYNAMIC_NO_PIC = NO;
				GCC_NO_COMMON_BLOCKS = YES;
				GCC_OPTIMIZATION_LEVEL = 0;
				GCC_PREPROCESSOR_DEFINITIONS = (
					"DEBUG=1",
					"$(inherited)",
				);
				GCC_WARN_64_TO_32_BIT_CONVERSION = YES;
				GCC_WARN_ABOUT_RETURN_TYPE = YES_ERROR;
				GCC_WARN_UNDECLARED_SELECTOR = YES;
				GCC_WARN_UNINITIALIZED_AUTOS = YES_AGGRESSIVE;
				GCC_WARN_UNUSED_FUNCTION = YES;
				GCC_WARN_UNUSED_VARIABLE = YES;
				IPHONEOS_DEPLOYMENT_TARGET = 8.0;
				MTL_ENABLE_DEBUG_INFO = INCLUDE_SOURCE;
				MTL_FAST_MATH = YES;
				ONLY_ACTIVE_ARCH = YES;
				SDKROOT = iphoneos;
				SWIFT_ACTIVE_COMPILATION_CONDITIONS = DEBUG;
				SWIFT_OPTIMIZATION_LEVEL = "-Onone";
			};
			name = Debug;
		};
		C5FCA98A24EE56CB00DEDC84 /* Release */ = {
			isa = XCBuildConfiguration;
			buildSettings = {
				ALWAYS_SEARCH_USER_PATHS = NO;
				CLANG_ANALYZER_NONNULL = YES;
				CLANG_ANALYZER_NUMBER_OBJECT_CONVERSION = YES_AGGRESSIVE;
				CLANG_CXX_LANGUAGE_STANDARD = "gnu++14";
				CLANG_CXX_LIBRARY = "libc++";
				CLANG_ENABLE_MODULES = YES;
				CLANG_ENABLE_OBJC_ARC = YES;
				CLANG_ENABLE_OBJC_WEAK = YES;
				CLANG_WARN_BLOCK_CAPTURE_AUTORELEASING = YES;
				CLANG_WARN_BOOL_CONVERSION = YES;
				CLANG_WARN_COMMA = YES;
				CLANG_WARN_CONSTANT_CONVERSION = YES;
				CLANG_WARN_DEPRECATED_OBJC_IMPLEMENTATIONS = YES;
				CLANG_WARN_DIRECT_OBJC_ISA_USAGE = YES_ERROR;
				CLANG_WARN_DOCUMENTATION_COMMENTS = YES;
				CLANG_WARN_EMPTY_BODY = YES;
				CLANG_WARN_ENUM_CONVERSION = YES;
				CLANG_WARN_INFINITE_RECURSION = YES;
				CLANG_WARN_INT_CONVERSION = YES;
				CLANG_WARN_NON_LITERAL_NULL_CONVERSION = YES;
				CLANG_WARN_OBJC_IMPLICIT_RETAIN_SELF = YES;
				CLANG_WARN_OBJC_LITERAL_CONVERSION = YES;
				CLANG_WARN_OBJC_ROOT_CLASS = YES_ERROR;
				CLANG_WARN_RANGE_LOOP_ANALYSIS = YES;
				CLANG_WARN_STRICT_PROTOTYPES = YES;
				CLANG_WARN_SUSPICIOUS_MOVE = YES;
				CLANG_WARN_UNGUARDED_AVAILABILITY = YES_AGGRESSIVE;
				CLANG_WARN_UNREACHABLE_CODE = YES;
				CLANG_WARN__DUPLICATE_METHOD_MATCH = YES;
				COPY_PHASE_STRIP = NO;
				DEBUG_INFORMATION_FORMAT = "dwarf-with-dsym";
				ENABLE_NS_ASSERTIONS = NO;
				ENABLE_STRICT_OBJC_MSGSEND = YES;
				GCC_C_LANGUAGE_STANDARD = gnu11;
				GCC_NO_COMMON_BLOCKS = YES;
				GCC_WARN_64_TO_32_BIT_CONVERSION = YES;
				GCC_WARN_ABOUT_RETURN_TYPE = YES_ERROR;
				GCC_WARN_UNDECLARED_SELECTOR = YES;
				GCC_WARN_UNINITIALIZED_AUTOS = YES_AGGRESSIVE;
				GCC_WARN_UNUSED_FUNCTION = YES;
				GCC_WARN_UNUSED_VARIABLE = YES;
				IPHONEOS_DEPLOYMENT_TARGET = 8.0;
				MTL_ENABLE_DEBUG_INFO = NO;
				MTL_FAST_MATH = YES;
				SDKROOT = iphoneos;
				SWIFT_COMPILATION_MODE = wholemodule;
				SWIFT_OPTIMIZATION_LEVEL = "-O";
				VALIDATE_PRODUCT = YES;
			};
			name = Release;
		};
		C5FCA98C24EE56CB00DEDC84 /* Debug */ = {
			isa = XCBuildConfiguration;
			buildSettings = {
				ASSETCATALOG_COMPILER_APPICON_NAME = AppIcon;
				CODE_SIGN_STYLE = Automatic;
				INFOPLIST_FILE = Sorts/Info.plist;
				LD_RUNPATH_SEARCH_PATHS = (
					"$(inherited)",
					"@executable_path/Frameworks",
				);
				PRODUCT_BUNDLE_IDENTIFIER = com.jacklee.Sorts;
				PRODUCT_NAME = "$(TARGET_NAME)";
				SWIFT_VERSION = 5.0;
				TARGETED_DEVICE_FAMILY = "1,2";
			};
			name = Debug;
		};
		C5FCA98D24EE56CB00DEDC84 /* Release */ = {
			isa = XCBuildConfiguration;
			buildSettings = {
				ASSETCATALOG_COMPILER_APPICON_NAME = AppIcon;
				CODE_SIGN_STYLE = Automatic;
				INFOPLIST_FILE = Sorts/Info.plist;
				LD_RUNPATH_SEARCH_PATHS = (
					"$(inherited)",
					"@executable_path/Frameworks",
				);
				PRODUCT_BUNDLE_IDENTIFIER = com.jacklee.Sorts;
				PRODUCT_NAME = "$(TARGET_NAME)";
				SWIFT_VERSION = 5.0;
				TARGETED_DEVICE_FAMILY = "1,2";
			};
			name = Release;
		};
/* End XCBuildConfiguration section */

/* Begin XCConfigurationList section */
		C5FCA97224EE56CA00DEDC84 /* Build configuration list for PBXProject "Sorts" */ = {
			isa = XCConfigurationList;
			buildConfigurations = (
				C5FCA98924EE56CB00DEDC84 /* Debug */,
				C5FCA98A24EE56CB00DEDC84 /* Release */,
			);
			defaultConfigurationIsVisible = 0;
			defaultConfigurationName = Release;
		};
		C5FCA98B24EE56CB00DEDC84 /* Build configuration list for PBXNativeTarget "Sorts" */ = {
			isa = XCConfigurationList;
			buildConfigurations = (
				C5FCA98C24EE56CB00DEDC84 /* Debug */,
				C5FCA98D24EE56CB00DEDC84 /* Release */,
			);
			defaultConfigurationIsVisible = 0;
			defaultConfigurationName = Release;
		};
/* End XCConfigurationList section */
	};
	rootObject = C5FCA96F24EE56CA00DEDC84 /* Project object */;
}
